// !$*UTF8*$!
{
	archiveVersion = 1;
	classes = {
	};
	objectVersion = 56;
	objects = {

/* Begin PBXBuildFile section */
		0BA78B6C2CE483C4007EDDE2 /* ViewController.swift in Sources */ = {isa = PBXBuildFile; fileRef = 0BA78B6A2CE483C4007EDDE2 /* ViewController.swift */; };
		0BA78B6D2CE483C4007EDDE2 /* UIFont+Localized.m in Sources */ = {isa = PBXBuildFile; fileRef = 0BA78B692CE483C4007EDDE2 /* UIFont+Localized.m */; };
		0BA78B6E2CE483C4007EDDE2 /* AppDelegate.swift in Sources */ = {isa = PBXBuildFile; fileRef = 0BA78B612CE483C4007EDDE2 /* AppDelegate.swift */; };
		0BA78B6F2CE483C4007EDDE2 /* Assets.xcassets in Resources */ = {isa = PBXBuildFile; fileRef = 0BA78B622CE483C4007EDDE2 /* Assets.xcassets */; };
		0BA78B702CE483C4007EDDE2 /* Main.storyboard in Resources */ = {isa = PBXBuildFile; fileRef = 0BA78B672CE483C4007EDDE2 /* Main.storyboard */; };
		0BA78B712CE483C4007EDDE2 /* LaunchScreen.storyboard in Resources */ = {isa = PBXBuildFile; fileRef = 0BA78B652CE483C4007EDDE2 /* LaunchScreen.storyboard */; };
		0BA9E2A22CA3BB160072D709 /* STKnobView.swift in Sources */ = {isa = PBXBuildFile; fileRef = 0BA9E2A12CA3BB160072D709 /* STKnobView.swift */; };
		0BA9E2A42CA3D2950072D709 /* STTextView+Lens.swift in Sources */ = {isa = PBXBuildFile; fileRef = 0BA9E2A32CA3D2950072D709 /* STTextView+Lens.swift */; };
		0BB5CDBD2BB5411500A53CDD /* STParser.swift in Sources */ = {isa = PBXBuildFile; fileRef = 0BB5CDBC2BB5411500A53CDD /* STParser.swift */; };
		0BB5CDC02BB54D2000A53CDD /* STFontManager.swift in Sources */ = {isa = PBXBuildFile; fileRef = 0BB5CDBF2BB54D2000A53CDD /* STFontManager.swift */; };
		0BB5CDC32BB5609700A53CDD /* STLayout.swift in Sources */ = {isa = PBXBuildFile; fileRef = 0BB5CDC22BB5609700A53CDD /* STLayout.swift */; };
		0BBF10212B9ECB3D00031CAC /* STLabel.swift in Sources */ = {isa = PBXBuildFile; fileRef = 0BBF101B2B9ECA1F00031CAC /* STLabel.swift */; };
		0BBF10242B9ECBBA00031CAC /* STObject.swift in Sources */ = {isa = PBXBuildFile; fileRef = 0BBF10232B9ECBBA00031CAC /* STObject.swift */; };
		0BBF10262B9ECC4600031CAC /* STContext.swift in Sources */ = {isa = PBXBuildFile; fileRef = 0BBF10252B9ECC4600031CAC /* STContext.swift */; };
		0BBF10282B9ECD1500031CAC /* STTiledLayer.swift in Sources */ = {isa = PBXBuildFile; fileRef = 0BBF10272B9ECD1500031CAC /* STTiledLayer.swift */; };
		0BCBC13F2BEB589E000DB882 /* STCursorView.swift in Sources */ = {isa = PBXBuildFile; fileRef = 0BCBC13E2BEB589E000DB882 /* STCursorView.swift */; };
		0BE1B36F2BD8C98F00948574 /* STTextView.swift in Sources */ = {isa = PBXBuildFile; fileRef = 0BE1B36E2BD8C98F00948574 /* STTextView.swift */; };
		0BE1B3712BD8CC3600948574 /* STTextView+TextInput.swift in Sources */ = {isa = PBXBuildFile; fileRef = 0BE1B3702BD8CC3600948574 /* STTextView+TextInput.swift */; };
		0BE1B3732BD8E31500948574 /* STTextView+Responder.swift in Sources */ = {isa = PBXBuildFile; fileRef = 0BE1B3722BD8E31500948574 /* STTextView+Responder.swift */; };
		0BE1B3752BD8E5A700948574 /* STText.swift in Sources */ = {isa = PBXBuildFile; fileRef = 0BE1B3742BD8E5A700948574 /* STText.swift */; };
		0BEEC9A82C4779C9001A60CF /* STTextView+Action.swift in Sources */ = {isa = PBXBuildFile; fileRef = 0BEEC9A72C4779C9001A60CF /* STTextView+Action.swift */; };
		0BEEC9AA2C47853F001A60CF /* STLensView.swift in Sources */ = {isa = PBXBuildFile; fileRef = 0BEEC9A92C47853F001A60CF /* STLensView.swift */; };
		F1947EFB2D8271380092B87F /* STTextSubstitutionGlyph.swift in Resources */ = {isa = PBXBuildFile; fileRef = F1947EFA2D8271380092B87F /* STTextSubstitutionGlyph.swift */; };
		F1947EFC2D82722C0092B87F /* STTextSubstitutionGlyph.swift in Sources */ = {isa = PBXBuildFile; fileRef = F1947EFA2D8271380092B87F /* STTextSubstitutionGlyph.swift */; };
/* End PBXBuildFile section */

/* Begin PBXFileReference section */
		0B1BB16A2BC291D10053D908 /* stone-engine-Bridging-Header.h */ = {isa = PBXFileReference; lastKnownFileType = sourcecode.c.h; path = "stone-engine-Bridging-Header.h"; sourceTree = "<group>"; };
		0BA78B612CE483C4007EDDE2 /* AppDelegate.swift */ = {isa = PBXFileReference; lastKnownFileType = sourcecode.swift; path = AppDelegate.swift; sourceTree = "<group>"; };
		0BA78B622CE483C4007EDDE2 /* Assets.xcassets */ = {isa = PBXFileReference; lastKnownFileType = folder.assetcatalog; path = Assets.xcassets; sourceTree = "<group>"; };
		0BA78B632CE483C4007EDDE2 /* Info.plist */ = {isa = PBXFileReference; lastKnownFileType = text.plist.xml; path = Info.plist; sourceTree = "<group>"; };
		0BA78B642CE483C4007EDDE2 /* Base */ = {isa = PBXFileReference; lastKnownFileType = file.storyboard; name = Base; path = Base.lproj/LaunchScreen.storyboard; sourceTree = "<group>"; };
		0BA78B662CE483C4007EDDE2 /* Base */ = {isa = PBXFileReference; lastKnownFileType = file.storyboard; name = Base; path = Base.lproj/Main.storyboard; sourceTree = "<group>"; };
		0BA78B682CE483C4007EDDE2 /* UIFont+Localized.h */ = {isa = PBXFileReference; lastKnownFileType = sourcecode.c.h; path = "UIFont+Localized.h"; sourceTree = "<group>"; };
		0BA78B692CE483C4007EDDE2 /* UIFont+Localized.m */ = {isa = PBXFileReference; lastKnownFileType = sourcecode.c.objc; path = "UIFont+Localized.m"; sourceTree = "<group>"; };
		0BA78B6A2CE483C4007EDDE2 /* ViewController.swift */ = {isa = PBXFileReference; lastKnownFileType = sourcecode.swift; path = ViewController.swift; sourceTree = "<group>"; };
		0BA9E2A12CA3BB160072D709 /* STKnobView.swift */ = {isa = PBXFileReference; fileEncoding = 4; lastKnownFileType = sourcecode.swift; path = STKnobView.swift; sourceTree = "<group>"; };
		0BA9E2A32CA3D2950072D709 /* STTextView+Lens.swift */ = {isa = PBXFileReference; fileEncoding = 4; lastKnownFileType = sourcecode.swift; path = "STTextView+Lens.swift"; sourceTree = "<group>"; };
		0BB5CDBC2BB5411500A53CDD /* STParser.swift */ = {isa = PBXFileReference; fileEncoding = 4; lastKnownFileType = sourcecode.swift; path = STParser.swift; sourceTree = "<group>"; };
		0BB5CDBF2BB54D2000A53CDD /* STFontManager.swift */ = {isa = PBXFileReference; fileEncoding = 4; lastKnownFileType = sourcecode.swift; path = STFontManager.swift; sourceTree = "<group>"; };
		0BB5CDC22BB5609700A53CDD /* STLayout.swift */ = {isa = PBXFileReference; fileEncoding = 4; lastKnownFileType = sourcecode.swift; path = STLayout.swift; sourceTree = "<group>"; };
		0BBF0FF82B9EC7AA00031CAC /* stone oss.app */ = {isa = PBXFileReference; explicitFileType = wrapper.application; includeInIndex = 0; path = "stone oss.app"; sourceTree = BUILT_PRODUCTS_DIR; };
		0BBF101B2B9ECA1F00031CAC /* STLabel.swift */ = {isa = PBXFileReference; fileEncoding = 4; lastKnownFileType = sourcecode.swift; path = STLabel.swift; sourceTree = "<group>"; };
		0BBF10232B9ECBBA00031CAC /* STObject.swift */ = {isa = PBXFileReference; fileEncoding = 4; lastKnownFileType = sourcecode.swift; path = STObject.swift; sourceTree = "<group>"; };
		0BBF10252B9ECC4600031CAC /* STContext.swift */ = {isa = PBXFileReference; fileEncoding = 4; lastKnownFileType = sourcecode.swift; path = STContext.swift; sourceTree = "<group>"; };
		0BBF10272B9ECD1500031CAC /* STTiledLayer.swift */ = {isa = PBXFileReference; fileEncoding = 4; lastKnownFileType = sourcecode.swift; path = STTiledLayer.swift; sourceTree = "<group>"; };
		0BCBC13E2BEB589E000DB882 /* STCursorView.swift */ = {isa = PBXFileReference; fileEncoding = 4; lastKnownFileType = sourcecode.swift; path = STCursorView.swift; sourceTree = "<group>"; };
		0BE1B36E2BD8C98F00948574 /* STTextView.swift */ = {isa = PBXFileReference; fileEncoding = 4; lastKnownFileType = sourcecode.swift; path = STTextView.swift; sourceTree = "<group>"; };
		0BE1B3702BD8CC3600948574 /* STTextView+TextInput.swift */ = {isa = PBXFileReference; fileEncoding = 4; lastKnownFileType = sourcecode.swift; path = "STTextView+TextInput.swift"; sourceTree = "<group>"; };
		0BE1B3722BD8E31500948574 /* STTextView+Responder.swift */ = {isa = PBXFileReference; fileEncoding = 4; lastKnownFileType = sourcecode.swift; path = "STTextView+Responder.swift"; sourceTree = "<group>"; };
		0BE1B3742BD8E5A700948574 /* STText.swift */ = {isa = PBXFileReference; fileEncoding = 4; lastKnownFileType = sourcecode.swift; path = STText.swift; sourceTree = "<group>"; };
		0BEEC9A72C4779C9001A60CF /* STTextView+Action.swift */ = {isa = PBXFileReference; fileEncoding = 4; lastKnownFileType = sourcecode.swift; path = "STTextView+Action.swift"; sourceTree = "<group>"; };
		0BEEC9A92C47853F001A60CF /* STLensView.swift */ = {isa = PBXFileReference; fileEncoding = 4; lastKnownFileType = sourcecode.swift; path = STLensView.swift; sourceTree = "<group>"; };
		F1947EFA2D8271380092B87F /* STTextSubstitutionGlyph.swift */ = {isa = PBXFileReference; lastKnownFileType = sourcecode.swift; path = STTextSubstitutionGlyph.swift; sourceTree = "<group>"; };
/* End PBXFileReference section */

/* Begin PBXFrameworksBuildPhase section */
		0BBF0FF52B9EC7AA00031CAC /* Frameworks */ = {
			isa = PBXFrameworksBuildPhase;
			buildActionMask = 2147483647;
			files = (
			);
			runOnlyForDeploymentPostprocessing = 0;
		};
/* End PBXFrameworksBuildPhase section */

/* Begin PBXGroup section */
		0BA78B6B2CE483C4007EDDE2 /* sample */ = {
			isa = PBXGroup;
			children = (
				0BA78B612CE483C4007EDDE2 /* AppDelegate.swift */,
				0BA78B622CE483C4007EDDE2 /* Assets.xcassets */,
				0BA78B632CE483C4007EDDE2 /* Info.plist */,
				0BA78B652CE483C4007EDDE2 /* LaunchScreen.storyboard */,
				0BA78B672CE483C4007EDDE2 /* Main.storyboard */,
				0BA78B682CE483C4007EDDE2 /* UIFont+Localized.h */,
				0BA78B692CE483C4007EDDE2 /* UIFont+Localized.m */,
				0BA78B6A2CE483C4007EDDE2 /* ViewController.swift */,
			);
			path = sample;
			sourceTree = "<group>";
		};
		0BB5CDBB2BB5411500A53CDD /* parse */ = {
			isa = PBXGroup;
			children = (
				0BB5CDBC2BB5411500A53CDD /* STParser.swift */,
			);
			path = parse;
			sourceTree = "<group>";
		};
		0BB5CDBE2BB54D2000A53CDD /* font */ = {
			isa = PBXGroup;
			children = (
				0BB5CDBF2BB54D2000A53CDD /* STFontManager.swift */,
				F1947EFA2D8271380092B87F /* STTextSubstitutionGlyph.swift */,
			);
			path = font;
			sourceTree = "<group>";
		};
		0BB5CDC12BB5609700A53CDD /* layout */ = {
			isa = PBXGroup;
			children = (
				0BB5CDC22BB5609700A53CDD /* STLayout.swift */,
			);
			path = layout;
			sourceTree = "<group>";
		};
		0BBF0FEF2B9EC7AA00031CAC = {
			isa = PBXGroup;
			children = (
				0BBF10142B9EC99D00031CAC /* stone_engine */,
				0BA78B6B2CE483C4007EDDE2 /* sample */,
				0BBF0FF92B9EC7AA00031CAC /* Products */,
				0BBF101D2B9ECA9E00031CAC /* Frameworks */,
			);
			sourceTree = "<group>";
		};
		0BBF0FF92B9EC7AA00031CAC /* Products */ = {
			isa = PBXGroup;
			children = (
				0BBF0FF82B9EC7AA00031CAC /* stone oss.app */,
			);
			name = Products;
			sourceTree = "<group>";
		};
		0BBF10142B9EC99D00031CAC /* stone_engine */ = {
			isa = PBXGroup;
			children = (
				0BBF10222B9ECBBA00031CAC /* context */,
				0BB5CDBE2BB54D2000A53CDD /* font */,
				0BB5CDC12BB5609700A53CDD /* layout */,
				0BB5CDBB2BB5411500A53CDD /* parse */,
				0BBF101A2B9ECA1F00031CAC /* view */,
				0B1BB16A2BC291D10053D908 /* stone-engine-Bridging-Header.h */,
			);
			path = stone_engine;
			sourceTree = "<group>";
		};
		0BBF101A2B9ECA1F00031CAC /* view */ = {
			isa = PBXGroup;
			children = (
				0BCBC13E2BEB589E000DB882 /* STCursorView.swift */,
				0BA9E2A12CA3BB160072D709 /* STKnobView.swift */,
				0BBF101B2B9ECA1F00031CAC /* STLabel.swift */,
				0BEEC9A92C47853F001A60CF /* STLensView.swift */,
				0BE1B3742BD8E5A700948574 /* STText.swift */,
				0BE1B36E2BD8C98F00948574 /* STTextView.swift */,
				0BEEC9A72C4779C9001A60CF /* STTextView+Action.swift */,
				0BA9E2A32CA3D2950072D709 /* STTextView+Lens.swift */,
				0BE1B3722BD8E31500948574 /* STTextView+Responder.swift */,
				0BE1B3702BD8CC3600948574 /* STTextView+TextInput.swift */,
				0BBF10272B9ECD1500031CAC /* STTiledLayer.swift */,
			);
			path = view;
			sourceTree = "<group>";
		};
		0BBF101D2B9ECA9E00031CAC /* Frameworks */ = {
			isa = PBXGroup;
			children = (
			);
			name = Frameworks;
			sourceTree = "<group>";
		};
		0BBF10222B9ECBBA00031CAC /* context */ = {
			isa = PBXGroup;
			children = (
				0BBF10252B9ECC4600031CAC /* STContext.swift */,
				0BBF10232B9ECBBA00031CAC /* STObject.swift */,
			);
			path = context;
			sourceTree = "<group>";
		};
/* End PBXGroup section */

/* Begin PBXNativeTarget section */
		0BBF0FF72B9EC7AA00031CAC /* stone */ = {
			isa = PBXNativeTarget;
			buildConfigurationList = 0BBF100C2B9EC7AB00031CAC /* Build configuration list for PBXNativeTarget "stone" */;
			buildPhases = (
				0BBF0FF42B9EC7AA00031CAC /* Sources */,
				0BBF0FF52B9EC7AA00031CAC /* Frameworks */,
				0BBF0FF62B9EC7AA00031CAC /* Resources */,
			);
			buildRules = (
			);
			dependencies = (
			);
			name = stone;
			productName = stone;
			productReference = 0BBF0FF82B9EC7AA00031CAC /* stone oss.app */;
			productType = "com.apple.product-type.application";
		};
/* End PBXNativeTarget section */

/* Begin PBXProject section */
		0BBF0FF02B9EC7AA00031CAC /* Project object */ = {
			isa = PBXProject;
			attributes = {
				BuildIndependentTargetsInParallel = 1;
				LastSwiftUpdateCheck = 1520;
				LastUpgradeCheck = 1520;
				TargetAttributes = {
					0BBF0FF72B9EC7AA00031CAC = {
						CreatedOnToolsVersion = 15.2;
						LastSwiftMigration = 1520;
					};
				};
			};
			buildConfigurationList = 0BBF0FF32B9EC7AA00031CAC /* Build configuration list for PBXProject "stone" */;
			compatibilityVersion = "Xcode 14.0";
			developmentRegion = en;
			hasScannedForEncodings = 0;
			knownRegions = (
				en,
				Base,
			);
			mainGroup = 0BBF0FEF2B9EC7AA00031CAC;
			productRefGroup = 0BBF0FF92B9EC7AA00031CAC /* Products */;
			projectDirPath = "";
			projectRoot = "";
			targets = (
				0BBF0FF72B9EC7AA00031CAC /* stone */,
			);
		};
/* End PBXProject section */

/* Begin PBXResourcesBuildPhase section */
		0BBF0FF62B9EC7AA00031CAC /* Resources */ = {
			isa = PBXResourcesBuildPhase;
			buildActionMask = 2147483647;
			files = (
				0BA78B6F2CE483C4007EDDE2 /* Assets.xcassets in Resources */,
				0BA78B702CE483C4007EDDE2 /* Main.storyboard in Resources */,
				F1947EFB2D8271380092B87F /* STTextSubstitutionGlyph.swift in Resources */,
				0BA78B712CE483C4007EDDE2 /* LaunchScreen.storyboard in Resources */,
			);
			runOnlyForDeploymentPostprocessing = 0;
		};
/* End PBXResourcesBuildPhase section */

/* Begin PBXSourcesBuildPhase section */
		0BBF0FF42B9EC7AA00031CAC /* Sources */ = {
			isa = PBXSourcesBuildPhase;
			buildActionMask = 2147483647;
			files = (
				F1947EFC2D82722C0092B87F /* STTextSubstitutionGlyph.swift in Sources */,
				0BB5CDC02BB54D2000A53CDD /* STFontManager.swift in Sources */,
				0BEEC9A82C4779C9001A60CF /* STTextView+Action.swift in Sources */,
				0BE1B3732BD8E31500948574 /* STTextView+Responder.swift in Sources */,
				0BBF10262B9ECC4600031CAC /* STContext.swift in Sources */,
				0BE1B3752BD8E5A700948574 /* STText.swift in Sources */,
				0BCBC13F2BEB589E000DB882 /* STCursorView.swift in Sources */,
				0BEEC9AA2C47853F001A60CF /* STLensView.swift in Sources */,
				0BE1B3712BD8CC3600948574 /* STTextView+TextInput.swift in Sources */,
				0BE1B36F2BD8C98F00948574 /* STTextView.swift in Sources */,
				0BA9E2A42CA3D2950072D709 /* STTextView+Lens.swift in Sources */,
				0BA78B6C2CE483C4007EDDE2 /* ViewController.swift in Sources */,
				0BA78B6D2CE483C4007EDDE2 /* UIFont+Localized.m in Sources */,
				0BA78B6E2CE483C4007EDDE2 /* AppDelegate.swift in Sources */,
				0BBF10282B9ECD1500031CAC /* STTiledLayer.swift in Sources */,
				0BA9E2A22CA3BB160072D709 /* STKnobView.swift in Sources */,
				0BB5CDC32BB5609700A53CDD /* STLayout.swift in Sources */,
				0BBF10242B9ECBBA00031CAC /* STObject.swift in Sources */,
				0BBF10212B9ECB3D00031CAC /* STLabel.swift in Sources */,
				0BB5CDBD2BB5411500A53CDD /* STParser.swift in Sources */,
			);
			runOnlyForDeploymentPostprocessing = 0;
		};
/* End PBXSourcesBuildPhase section */

/* Begin PBXVariantGroup section */
		0BA78B652CE483C4007EDDE2 /* LaunchScreen.storyboard */ = {
			isa = PBXVariantGroup;
			children = (
				0BA78B642CE483C4007EDDE2 /* Base */,
			);
			name = LaunchScreen.storyboard;
			sourceTree = "<group>";
		};
		0BA78B672CE483C4007EDDE2 /* Main.storyboard */ = {
			isa = PBXVariantGroup;
			children = (
				0BA78B662CE483C4007EDDE2 /* Base */,
			);
			name = Main.storyboard;
			sourceTree = "<group>";
		};
/* End PBXVariantGroup section */

/* Begin XCBuildConfiguration section */
		0BBF100A2B9EC7AB00031CAC /* Debug */ = {
			isa = XCBuildConfiguration;
			buildSettings = {
				ALWAYS_SEARCH_USER_PATHS = NO;
				ASSETCATALOG_COMPILER_GENERATE_SWIFT_ASSET_SYMBOL_EXTENSIONS = YES;
				CLANG_ANALYZER_NONNULL = YES;
				CLANG_ANALYZER_NUMBER_OBJECT_CONVERSION = YES_AGGRESSIVE;
				CLANG_CXX_LANGUAGE_STANDARD = "gnu++20";
				CLANG_ENABLE_MODULES = YES;
				CLANG_ENABLE_OBJC_ARC = YES;
				CLANG_ENABLE_OBJC_WEAK = YES;
				CLANG_WARN_BLOCK_CAPTURE_AUTORELEASING = YES;
				CLANG_WARN_BOOL_CONVERSION = YES;
				CLANG_WARN_COMMA = YES;
				CLANG_WARN_CONSTANT_CONVERSION = YES;
				CLANG_WARN_DEPRECATED_OBJC_IMPLEMENTATIONS = YES;
				CLANG_WARN_DIRECT_OBJC_ISA_USAGE = YES_ERROR;
				CLANG_WARN_DOCUMENTATION_COMMENTS = YES;
				CLANG_WARN_EMPTY_BODY = YES;
				CLANG_WARN_ENUM_CONVERSION = YES;
				CLANG_WARN_INFINITE_RECURSION = YES;
				CLANG_WARN_INT_CONVERSION = YES;
				CLANG_WARN_NON_LITERAL_NULL_CONVERSION = YES;
				CLANG_WARN_OBJC_IMPLICIT_RETAIN_SELF = YES;
				CLANG_WARN_OBJC_LITERAL_CONVERSION = YES;
				CLANG_WARN_OBJC_ROOT_CLASS = YES_ERROR;
				CLANG_WARN_QUOTED_INCLUDE_IN_FRAMEWORK_HEADER = YES;
				CLANG_WARN_RANGE_LOOP_ANALYSIS = YES;
				CLANG_WARN_STRICT_PROTOTYPES = YES;
				CLANG_WARN_SUSPICIOUS_MOVE = YES;
				CLANG_WARN_UNGUARDED_AVAILABILITY = YES_AGGRESSIVE;
				CLANG_WARN_UNREACHABLE_CODE = YES;
				CLANG_WARN__DUPLICATE_METHOD_MATCH = YES;
				COPY_PHASE_STRIP = NO;
				DEBUG_INFORMATION_FORMAT = dwarf;
				ENABLE_STRICT_OBJC_MSGSEND = YES;
				ENABLE_TESTABILITY = YES;
				ENABLE_USER_SCRIPT_SANDBOXING = YES;
				GCC_C_LANGUAGE_STANDARD = gnu17;
				GCC_DYNAMIC_NO_PIC = NO;
				GCC_NO_COMMON_BLOCKS = YES;
				GCC_OPTIMIZATION_LEVEL = 0;
				GCC_PREPROCESSOR_DEFINITIONS = (
					"DEBUG=1",
					"$(inherited)",
				);
				GCC_WARN_64_TO_32_BIT_CONVERSION = YES;
				GCC_WARN_ABOUT_RETURN_TYPE = YES_ERROR;
				GCC_WARN_UNDECLARED_SELECTOR = YES;
				GCC_WARN_UNINITIALIZED_AUTOS = YES_AGGRESSIVE;
				GCC_WARN_UNUSED_FUNCTION = YES;
				GCC_WARN_UNUSED_VARIABLE = YES;
				IPHONEOS_DEPLOYMENT_TARGET = 12.0;
				LOCALIZATION_PREFERS_STRING_CATALOGS = YES;
				MTL_ENABLE_DEBUG_INFO = INCLUDE_SOURCE;
				MTL_FAST_MATH = YES;
				ONLY_ACTIVE_ARCH = YES;
				SDKROOT = iphoneos;
				SWIFT_ACTIVE_COMPILATION_CONDITIONS = "DEBUG $(inherited)";
				SWIFT_OPTIMIZATION_LEVEL = "-Onone";
				SWIFT_VERSION = "";
			};
			name = Debug;
		};
		0BBF100B2B9EC7AB00031CAC /* Release */ = {
			isa = XCBuildConfiguration;
			buildSettings = {
				ALWAYS_SEARCH_USER_PATHS = NO;
				ASSETCATALOG_COMPILER_GENERATE_SWIFT_ASSET_SYMBOL_EXTENSIONS = YES;
				CLANG_ANALYZER_NONNULL = YES;
				CLANG_ANALYZER_NUMBER_OBJECT_CONVERSION = YES_AGGRESSIVE;
				CLANG_CXX_LANGUAGE_STANDARD = "gnu++20";
				CLANG_ENABLE_MODULES = YES;
				CLANG_ENABLE_OBJC_ARC = YES;
				CLANG_ENABLE_OBJC_WEAK = YES;
				CLANG_WARN_BLOCK_CAPTURE_AUTORELEASING = YES;
				CLANG_WARN_BOOL_CONVERSION = YES;
				CLANG_WARN_COMMA = YES;
				CLANG_WARN_CONSTANT_CONVERSION = YES;
				CLANG_WARN_DEPRECATED_OBJC_IMPLEMENTATIONS = YES;
				CLANG_WARN_DIRECT_OBJC_ISA_USAGE = YES_ERROR;
				CLANG_WARN_DOCUMENTATION_COMMENTS = YES;
				CLANG_WARN_EMPTY_BODY = YES;
				CLANG_WARN_ENUM_CONVERSION = YES;
				CLANG_WARN_INFINITE_RECURSION = YES;
				CLANG_WARN_INT_CONVERSION = YES;
				CLANG_WARN_NON_LITERAL_NULL_CONVERSION = YES;
				CLANG_WARN_OBJC_IMPLICIT_RETAIN_SELF = YES;
				CLANG_WARN_OBJC_LITERAL_CONVERSION = YES;
				CLANG_WARN_OBJC_ROOT_CLASS = YES_ERROR;
				CLANG_WARN_QUOTED_INCLUDE_IN_FRAMEWORK_HEADER = YES;
				CLANG_WARN_RANGE_LOOP_ANALYSIS = YES;
				CLANG_WARN_STRICT_PROTOTYPES = YES;
				CLANG_WARN_SUSPICIOUS_MOVE = YES;
				CLANG_WARN_UNGUARDED_AVAILABILITY = YES_AGGRESSIVE;
				CLANG_WARN_UNREACHABLE_CODE = YES;
				CLANG_WARN__DUPLICATE_METHOD_MATCH = YES;
				COPY_PHASE_STRIP = NO;
				DEBUG_INFORMATION_FORMAT = "dwarf-with-dsym";
				ENABLE_NS_ASSERTIONS = NO;
				ENABLE_STRICT_OBJC_MSGSEND = YES;
				ENABLE_USER_SCRIPT_SANDBOXING = YES;
				GCC_C_LANGUAGE_STANDARD = gnu17;
				GCC_NO_COMMON_BLOCKS = YES;
				GCC_WARN_64_TO_32_BIT_CONVERSION = YES;
				GCC_WARN_ABOUT_RETURN_TYPE = YES_ERROR;
				GCC_WARN_UNDECLARED_SELECTOR = YES;
				GCC_WARN_UNINITIALIZED_AUTOS = YES_AGGRESSIVE;
				GCC_WARN_UNUSED_FUNCTION = YES;
				GCC_WARN_UNUSED_VARIABLE = YES;
				IPHONEOS_DEPLOYMENT_TARGET = 12.0;
				LOCALIZATION_PREFERS_STRING_CATALOGS = YES;
				MTL_ENABLE_DEBUG_INFO = NO;
				MTL_FAST_MATH = YES;
				SDKROOT = iphoneos;
				SWIFT_COMPILATION_MODE = wholemodule;
				SWIFT_VERSION = "";
				VALIDATE_PRODUCT = YES;
			};
			name = Release;
		};
		0BBF100D2B9EC7AB00031CAC /* Debug */ = {
			isa = XCBuildConfiguration;
			buildSettings = {
				ASSETCATALOG_COMPILER_APPICON_NAME = AppIcon;
				ASSETCATALOG_COMPILER_GLOBAL_ACCENT_COLOR_NAME = AccentColor;
				CLANG_ENABLE_MODULES = YES;
				CODE_SIGN_STYLE = Automatic;
				CURRENT_PROJECT_VERSION = 240925;
				DEVELOPMENT_TEAM = J588829DYC;
				GENERATE_INFOPLIST_FILE = YES;
				INFOPLIST_FILE = sample/Info.plist;
				INFOPLIST_KEY_CFBundleDisplayName = "stone oss";
				INFOPLIST_KEY_UIApplicationSupportsIndirectInputEvents = YES;
				INFOPLIST_KEY_UILaunchStoryboardName = LaunchScreen;
				INFOPLIST_KEY_UIMainStoryboardFile = Main;
				INFOPLIST_KEY_UISupportedInterfaceOrientations_iPad = "UIInterfaceOrientationPortrait UIInterfaceOrientationPortraitUpsideDown UIInterfaceOrientationLandscapeLeft UIInterfaceOrientationLandscapeRight";
				INFOPLIST_KEY_UISupportedInterfaceOrientations_iPhone = "UIInterfaceOrientationPortrait UIInterfaceOrientationLandscapeLeft UIInterfaceOrientationLandscapeRight";
				IPHONEOS_DEPLOYMENT_TARGET = 15.0;
				LD_RUNPATH_SEARCH_PATHS = (
					"$(inherited)",
					"@executable_path/Frameworks",
				);
				MARKETING_VERSION = 1.0;
				PRODUCT_BUNDLE_IDENTIFIER = jp.co.ndc.stone.oss;
				PRODUCT_NAME = "stone oss";
				SWIFT_EMIT_LOC_STRINGS = YES;
				SWIFT_OBJC_BRIDGING_HEADER = "stone_engine/stone-engine-Bridging-Header.h";
				SWIFT_OPTIMIZATION_LEVEL = "-Onone";
				SWIFT_VERSION = 5.0;
				TARGETED_DEVICE_FAMILY = "1,2";
			};
			name = Debug;
		};
		0BBF100E2B9EC7AB00031CAC /* Release */ = {
			isa = XCBuildConfiguration;
			buildSettings = {
				ASSETCATALOG_COMPILER_APPICON_NAME = AppIcon;
				ASSETCATALOG_COMPILER_GLOBAL_ACCENT_COLOR_NAME = AccentColor;
				CLANG_ENABLE_MODULES = YES;
				CODE_SIGN_STYLE = Automatic;
				CURRENT_PROJECT_VERSION = 240925;
				DEVELOPMENT_TEAM = J588829DYC;
				GENERATE_INFOPLIST_FILE = YES;
				INFOPLIST_FILE = sample/Info.plist;
				INFOPLIST_KEY_CFBundleDisplayName = "stone oss";
				INFOPLIST_KEY_UIApplicationSupportsIndirectInputEvents = YES;
				INFOPLIST_KEY_UILaunchStoryboardName = LaunchScreen;
				INFOPLIST_KEY_UIMainStoryboardFile = Main;
				INFOPLIST_KEY_UISupportedInterfaceOrientations_iPad = "UIInterfaceOrientationPortrait UIInterfaceOrientationPortraitUpsideDown UIInterfaceOrientationLandscapeLeft UIInterfaceOrientationLandscapeRight";
				INFOPLIST_KEY_UISupportedInterfaceOrientations_iPhone = "UIInterfaceOrientationPortrait UIInterfaceOrientationLandscapeLeft UIInterfaceOrientationLandscapeRight";
				IPHONEOS_DEPLOYMENT_TARGET = 15.0;
				LD_RUNPATH_SEARCH_PATHS = (
					"$(inherited)",
					"@executable_path/Frameworks",
				);
				MARKETING_VERSION = 1.0;
				PRODUCT_BUNDLE_IDENTIFIER = jp.co.ndc.stone.oss;
				PRODUCT_NAME = "stone oss";
				SWIFT_EMIT_LOC_STRINGS = YES;
				SWIFT_OBJC_BRIDGING_HEADER = "stone_engine/stone-engine-Bridging-Header.h";
				SWIFT_VERSION = 5.0;
				TARGETED_DEVICE_FAMILY = "1,2";
			};
			name = Release;
		};
/* End XCBuildConfiguration section */

/* Begin XCConfigurationList section */
		0BBF0FF32B9EC7AA00031CAC /* Build configuration list for PBXProject "stone" */ = {
			isa = XCConfigurationList;
			buildConfigurations = (
				0BBF100A2B9EC7AB00031CAC /* Debug */,
				0BBF100B2B9EC7AB00031CAC /* Release */,
			);
			defaultConfigurationIsVisible = 0;
			defaultConfigurationName = Release;
		};
		0BBF100C2B9EC7AB00031CAC /* Build configuration list for PBXNativeTarget "stone" */ = {
			isa = XCConfigurationList;
			buildConfigurations = (
				0BBF100D2B9EC7AB00031CAC /* Debug */,
				0BBF100E2B9EC7AB00031CAC /* Release */,
			);
			defaultConfigurationIsVisible = 0;
			defaultConfigurationName = Release;
		};
/* End XCConfigurationList section */
	};
	rootObject = 0BBF0FF02B9EC7AA00031CAC /* Project object */;
}
